// !$*UTF8*$!
{
	archiveVersion = 1;
	classes = {
	};
	objectVersion = 46;
	objects = {

/* Begin PBXBuildFile section */
		B2958B941CB201F900F5AF76 /* APCProfile.swift in Sources */ = {isa = PBXBuildFile; fileRef = B2958B931CB201F900F5AF76 /* APCProfile.swift */; };
		B2ADD3951CB04E3900A4662E /* APCUser.swift in Sources */ = {isa = PBXBuildFile; fileRef = B2ADD3941CB04E3900A4662E /* APCUser.swift */; };
		B2ADD3991CB0544B00A4662E /* JsonConverteble.swift in Sources */ = {isa = PBXBuildFile; fileRef = B2ADD3971CB0544B00A4662E /* JsonConverteble.swift */; };
		B2ADD39A1CB0544B00A4662E /* JsonObjectCreator.swift in Sources */ = {isa = PBXBuildFile; fileRef = B2ADD3981CB0544B00A4662E /* JsonObjectCreator.swift */; };
		B2ADD39D1CB054B000A4662E /* APCUserSession.swift in Sources */ = {isa = PBXBuildFile; fileRef = B2ADD39C1CB054B000A4662E /* APCUserSession.swift */; };
		B2ADD3A11CB08C5100A4662E /* Dictionary+Util.swift in Sources */ = {isa = PBXBuildFile; fileRef = B2ADD3A01CB08C5100A4662E /* Dictionary+Util.swift */; };
		B2ADD3A31CB0A18500A4662E /* APCUserManager.swift in Sources */ = {isa = PBXBuildFile; fileRef = B2ADD3A21CB0A18500A4662E /* APCUserManager.swift */; };
		B2ADD3A51CB0A2EB00A4662E /* APCURLProvider.swift in Sources */ = {isa = PBXBuildFile; fileRef = B2ADD3A41CB0A2EB00A4662E /* APCURLProvider.swift */; };
		B2ADD3A71CB1413B00A4662E /* APCOperationResponse.swift in Sources */ = {isa = PBXBuildFile; fileRef = B2ADD3A61CB1413B00A4662E /* APCOperationResponse.swift */; };
		B2ADD3A91CB18F8700A4662E /* Cartfile in Resources */ = {isa = PBXBuildFile; fileRef = B2ADD3A81CB18F8700A4662E /* Cartfile */; };
		B2F5C4261CB3046A00BFAB5A /* KeychainWrapper.swift in Sources */ = {isa = PBXBuildFile; fileRef = B2F5C4251CB3046A00BFAB5A /* KeychainWrapper.swift */; };
		B2F5C4701CB45D5A00BFAB5A /* APCAccessSDK.h in Headers */ = {isa = PBXBuildFile; fileRef = B2ADD38C1CB04E0C00A4662E /* APCAccessSDK.h */; settings = {ATTRIBUTES = (Public, ); }; };
/* End PBXBuildFile section */

/* Begin PBXCopyFilesBuildPhase section */
		B2ADD4001CB1C4D200A4662E /* CopyFiles */ = {
			isa = PBXCopyFilesBuildPhase;
			buildActionMask = 8;
			dstPath = "";
			dstSubfolderSpec = 7;
			files = (
			);
			runOnlyForDeploymentPostprocessing = 1;
		};
/* End PBXCopyFilesBuildPhase section */

/* Begin PBXFileReference section */
		B2958B931CB201F900F5AF76 /* APCProfile.swift */ = {isa = PBXFileReference; fileEncoding = 4; lastKnownFileType = sourcecode.swift; path = APCProfile.swift; sourceTree = "<group>"; };
		B2ADD3891CB04E0C00A4662E /* APCAccessSDK.framework */ = {isa = PBXFileReference; explicitFileType = wrapper.framework; includeInIndex = 0; path = APCAccessSDK.framework; sourceTree = BUILT_PRODUCTS_DIR; };
		B2ADD38C1CB04E0C00A4662E /* APCAccessSDK.h */ = {isa = PBXFileReference; lastKnownFileType = sourcecode.c.h; path = APCAccessSDK.h; sourceTree = "<group>"; };
		B2ADD38E1CB04E0C00A4662E /* Info.plist */ = {isa = PBXFileReference; lastKnownFileType = text.plist.xml; path = Info.plist; sourceTree = "<group>"; };
		B2ADD3941CB04E3900A4662E /* APCUser.swift */ = {isa = PBXFileReference; fileEncoding = 4; lastKnownFileType = sourcecode.swift; path = APCUser.swift; sourceTree = "<group>"; };
		B2ADD3971CB0544B00A4662E /* JsonConverteble.swift */ = {isa = PBXFileReference; fileEncoding = 4; lastKnownFileType = sourcecode.swift; path = JsonConverteble.swift; sourceTree = "<group>"; };
		B2ADD3981CB0544B00A4662E /* JsonObjectCreator.swift */ = {isa = PBXFileReference; fileEncoding = 4; lastKnownFileType = sourcecode.swift; path = JsonObjectCreator.swift; sourceTree = "<group>"; };
		B2ADD39C1CB054B000A4662E /* APCUserSession.swift */ = {isa = PBXFileReference; fileEncoding = 4; lastKnownFileType = sourcecode.swift; path = APCUserSession.swift; sourceTree = "<group>"; };
		B2ADD3A01CB08C5100A4662E /* Dictionary+Util.swift */ = {isa = PBXFileReference; fileEncoding = 4; lastKnownFileType = sourcecode.swift; path = "Dictionary+Util.swift"; sourceTree = "<group>"; };
		B2ADD3A21CB0A18500A4662E /* APCUserManager.swift */ = {isa = PBXFileReference; fileEncoding = 4; lastKnownFileType = sourcecode.swift; path = APCUserManager.swift; sourceTree = "<group>"; };
		B2ADD3A41CB0A2EB00A4662E /* APCURLProvider.swift */ = {isa = PBXFileReference; fileEncoding = 4; lastKnownFileType = sourcecode.swift; path = APCURLProvider.swift; sourceTree = "<group>"; };
		B2ADD3A61CB1413B00A4662E /* APCOperationResponse.swift */ = {isa = PBXFileReference; fileEncoding = 4; lastKnownFileType = sourcecode.swift; path = APCOperationResponse.swift; sourceTree = "<group>"; };
		B2ADD3A81CB18F8700A4662E /* Cartfile */ = {isa = PBXFileReference; fileEncoding = 4; lastKnownFileType = text; name = Cartfile; path = ../Cartfile; sourceTree = "<group>"; };
		B2F5C4251CB3046A00BFAB5A /* KeychainWrapper.swift */ = {isa = PBXFileReference; fileEncoding = 4; lastKnownFileType = sourcecode.swift; path = KeychainWrapper.swift; sourceTree = "<group>"; };
/* End PBXFileReference section */

/* Begin PBXFrameworksBuildPhase section */
		B2ADD3851CB04E0C00A4662E /* Frameworks */ = {
			isa = PBXFrameworksBuildPhase;
			buildActionMask = 2147483647;
			files = (
			);
			runOnlyForDeploymentPostprocessing = 0;
		};
/* End PBXFrameworksBuildPhase section */

/* Begin PBXGroup section */
		B2ADD37F1CB04E0C00A4662E = {
			isa = PBXGroup;
			children = (
				B2F5C4241CB3045000BFAB5A /* KeyChainWrapper */,
				B2ADD39F1CB08BAB00A4662E /* Extensions */,
				B2ADD39E1CB089FD00A4662E /* Manager */,
				B2ADD39B1CB0547600A4662E /* JsonConveter */,
				B2ADD3961CB04E4000A4662E /* Entities */,
				B2ADD38B1CB04E0C00A4662E /* APCAccessSDK */,
				B2ADD38A1CB04E0C00A4662E /* Products */,
			);
			sourceTree = "<group>";
		};
		B2ADD38A1CB04E0C00A4662E /* Products */ = {
			isa = PBXGroup;
			children = (
				B2ADD3891CB04E0C00A4662E /* APCAccessSDK.framework */,
			);
			name = Products;
			sourceTree = "<group>";
		};
		B2ADD38B1CB04E0C00A4662E /* APCAccessSDK */ = {
			isa = PBXGroup;
			children = (
				B2ADD38C1CB04E0C00A4662E /* APCAccessSDK.h */,
				B2ADD3A81CB18F8700A4662E /* Cartfile */,
				B2ADD38E1CB04E0C00A4662E /* Info.plist */,
			);
			path = APCAccessSDK;
			sourceTree = "<group>";
		};
		B2ADD3961CB04E4000A4662E /* Entities */ = {
			isa = PBXGroup;
			children = (
				B2ADD3941CB04E3900A4662E /* APCUser.swift */,
				B2ADD39C1CB054B000A4662E /* APCUserSession.swift */,
				B2958B931CB201F900F5AF76 /* APCProfile.swift */,
			);
			name = Entities;
			sourceTree = "<group>";
		};
		B2ADD39B1CB0547600A4662E /* JsonConveter */ = {
			isa = PBXGroup;
			children = (
				B2ADD3971CB0544B00A4662E /* JsonConverteble.swift */,
				B2ADD3981CB0544B00A4662E /* JsonObjectCreator.swift */,
			);
			name = JsonConveter;
			sourceTree = "<group>";
		};
		B2ADD39E1CB089FD00A4662E /* Manager */ = {
			isa = PBXGroup;
			children = (
				B2ADD3A21CB0A18500A4662E /* APCUserManager.swift */,
				B2ADD3A41CB0A2EB00A4662E /* APCURLProvider.swift */,
				B2ADD3A61CB1413B00A4662E /* APCOperationResponse.swift */,
			);
			name = Manager;
			sourceTree = "<group>";
		};
		B2ADD39F1CB08BAB00A4662E /* Extensions */ = {
			isa = PBXGroup;
			children = (
				B2ADD3A01CB08C5100A4662E /* Dictionary+Util.swift */,
			);
			name = Extensions;
			sourceTree = "<group>";
		};
		B2F5C4241CB3045000BFAB5A /* KeyChainWrapper */ = {
			isa = PBXGroup;
			children = (
				B2F5C4251CB3046A00BFAB5A /* KeychainWrapper.swift */,
			);
			name = KeyChainWrapper;
			sourceTree = "<group>";
		};
/* End PBXGroup section */

/* Begin PBXHeadersBuildPhase section */
		B2ADD3861CB04E0C00A4662E /* Headers */ = {
			isa = PBXHeadersBuildPhase;
			buildActionMask = 2147483647;
			files = (
				B2F5C4701CB45D5A00BFAB5A /* APCAccessSDK.h in Headers */,
			);
			runOnlyForDeploymentPostprocessing = 0;
		};
/* End PBXHeadersBuildPhase section */

/* Begin PBXNativeTarget section */
		B2ADD3881CB04E0C00A4662E /* APCAccessSDK */ = {
			isa = PBXNativeTarget;
			buildConfigurationList = B2ADD3911CB04E0C00A4662E /* Build configuration list for PBXNativeTarget "APCAccessSDK" */;
			buildPhases = (
				B2ADD3841CB04E0C00A4662E /* Sources */,
				B2ADD3851CB04E0C00A4662E /* Frameworks */,
				B2ADD3861CB04E0C00A4662E /* Headers */,
				B2ADD3871CB04E0C00A4662E /* Resources */,
				B2ADD3AA1CB1919B00A4662E /* ShellScript */,
				B2ADD4001CB1C4D200A4662E /* CopyFiles */,
			);
			buildRules = (
			);
			dependencies = (
			);
			name = APCAccessSDK;
			productName = APCAccessSDK;
			productReference = B2ADD3891CB04E0C00A4662E /* APCAccessSDK.framework */;
			productType = "com.apple.product-type.framework";
		};
/* End PBXNativeTarget section */

/* Begin PBXProject section */
		B2ADD3801CB04E0C00A4662E /* Project object */ = {
			isa = PBXProject;
			attributes = {
				CLASSPREFIX = APC;
				LastUpgradeCheck = 0730;
				ORGANIZATIONNAME = "Luciano Almeida";
				TargetAttributes = {
					B2ADD3881CB04E0C00A4662E = {
						CreatedOnToolsVersion = 7.3;
					};
				};
			};
			buildConfigurationList = B2ADD3831CB04E0C00A4662E /* Build configuration list for PBXProject "APCAccessSDK" */;
			compatibilityVersion = "Xcode 3.2";
			developmentRegion = English;
			hasScannedForEncodings = 0;
			knownRegions = (
				en,
			);
			mainGroup = B2ADD37F1CB04E0C00A4662E;
			productRefGroup = B2ADD38A1CB04E0C00A4662E /* Products */;
			projectDirPath = "";
			projectRoot = "";
			targets = (
				B2ADD3881CB04E0C00A4662E /* APCAccessSDK */,
			);
		};
/* End PBXProject section */

/* Begin PBXResourcesBuildPhase section */
		B2ADD3871CB04E0C00A4662E /* Resources */ = {
			isa = PBXResourcesBuildPhase;
			buildActionMask = 2147483647;
			files = (
				B2ADD3A91CB18F8700A4662E /* Cartfile in Resources */,
			);
			runOnlyForDeploymentPostprocessing = 0;
		};
/* End PBXResourcesBuildPhase section */

/* Begin PBXShellScriptBuildPhase section */
		B2ADD3AA1CB1919B00A4662E /* ShellScript */ = {
			isa = PBXShellScriptBuildPhase;
			buildActionMask = 8;
			files = (
			);
			inputPaths = (
				"",
				"$(SRCROOT)/Carthage/Build/iOS/Alamofire.framework",
			);
			outputPaths = (
			);
			runOnlyForDeploymentPostprocessing = 1;
			shellPath = /bin/sh;
			shellScript = "/usr/local/bin/carthage copy-frameworks\n";
		};
/* End PBXShellScriptBuildPhase section */

/* Begin PBXSourcesBuildPhase section */
		B2ADD3841CB04E0C00A4662E /* Sources */ = {
			isa = PBXSourcesBuildPhase;
			buildActionMask = 2147483647;
			files = (
				B2ADD3951CB04E3900A4662E /* APCUser.swift in Sources */,
				B2ADD3A71CB1413B00A4662E /* APCOperationResponse.swift in Sources */,
				B2ADD3A31CB0A18500A4662E /* APCUserManager.swift in Sources */,
				B2ADD39A1CB0544B00A4662E /* JsonObjectCreator.swift in Sources */,
				B2958B941CB201F900F5AF76 /* APCProfile.swift in Sources */,
				B2ADD3A11CB08C5100A4662E /* Dictionary+Util.swift in Sources */,
				B2ADD39D1CB054B000A4662E /* APCUserSession.swift in Sources */,
				B2ADD3A51CB0A2EB00A4662E /* APCURLProvider.swift in Sources */,
				B2ADD3991CB0544B00A4662E /* JsonConverteble.swift in Sources */,
				B2F5C4261CB3046A00BFAB5A /* KeychainWrapper.swift in Sources */,
			);
			runOnlyForDeploymentPostprocessing = 0;
		};
/* End PBXSourcesBuildPhase section */

/* Begin XCBuildConfiguration section */
		B2ADD38F1CB04E0C00A4662E /* Debug */ = {
			isa = XCBuildConfiguration;
			buildSettings = {
				ALWAYS_SEARCH_USER_PATHS = NO;
				CLANG_ANALYZER_NONNULL = YES;
				CLANG_CXX_LANGUAGE_STANDARD = "gnu++0x";
				CLANG_CXX_LIBRARY = "libc++";
				CLANG_ENABLE_MODULES = YES;
				CLANG_ENABLE_OBJC_ARC = YES;
				CLANG_WARN_BOOL_CONVERSION = YES;
				CLANG_WARN_CONSTANT_CONVERSION = YES;
				CLANG_WARN_DIRECT_OBJC_ISA_USAGE = YES_ERROR;
				CLANG_WARN_EMPTY_BODY = YES;
				CLANG_WARN_ENUM_CONVERSION = YES;
				CLANG_WARN_INT_CONVERSION = YES;
				CLANG_WARN_OBJC_ROOT_CLASS = YES_ERROR;
				CLANG_WARN_UNREACHABLE_CODE = YES;
				CLANG_WARN__DUPLICATE_METHOD_MATCH = YES;
				"CODE_SIGN_IDENTITY[sdk=iphoneos*]" = "iPhone Developer";
				COPY_HEADERS_RUN_UNIFDEF = YES;
				COPY_PHASE_STRIP = NO;
				CURRENT_PROJECT_VERSION = 1;
				DEBUG_INFORMATION_FORMAT = dwarf;
				DEFINES_MODULE = YES;
				ENABLE_STRICT_OBJC_MSGSEND = YES;
				ENABLE_TESTABILITY = YES;
				GCC_C_LANGUAGE_STANDARD = gnu99;
				GCC_DYNAMIC_NO_PIC = NO;
				GCC_NO_COMMON_BLOCKS = YES;
				GCC_OPTIMIZATION_LEVEL = 0;
				GCC_PREPROCESSOR_DEFINITIONS = (
					"DEBUG=1",
					"$(inherited)",
				);
				GCC_WARN_64_TO_32_BIT_CONVERSION = YES;
				GCC_WARN_ABOUT_RETURN_TYPE = YES_ERROR;
				GCC_WARN_UNDECLARED_SELECTOR = YES;
				GCC_WARN_UNINITIALIZED_AUTOS = YES_AGGRESSIVE;
				GCC_WARN_UNUSED_FUNCTION = YES;
				GCC_WARN_UNUSED_VARIABLE = YES;
				IPHONEOS_DEPLOYMENT_TARGET = 9.3;
				MTL_ENABLE_DEBUG_INFO = YES;
				ONLY_ACTIVE_ARCH = NO;
				SDKROOT = iphoneos;
				SWIFT_OPTIMIZATION_LEVEL = "-Onone";
				TARGETED_DEVICE_FAMILY = "1,2";
				VERSIONING_SYSTEM = "apple-generic";
				VERSION_INFO_PREFIX = "";
			};
			name = Debug;
		};
		B2ADD3901CB04E0C00A4662E /* Release */ = {
			isa = XCBuildConfiguration;
			buildSettings = {
				ALWAYS_SEARCH_USER_PATHS = NO;
				CLANG_ANALYZER_NONNULL = YES;
				CLANG_CXX_LANGUAGE_STANDARD = "gnu++0x";
				CLANG_CXX_LIBRARY = "libc++";
				CLANG_ENABLE_MODULES = YES;
				CLANG_ENABLE_OBJC_ARC = YES;
				CLANG_WARN_BOOL_CONVERSION = YES;
				CLANG_WARN_CONSTANT_CONVERSION = YES;
				CLANG_WARN_DIRECT_OBJC_ISA_USAGE = YES_ERROR;
				CLANG_WARN_EMPTY_BODY = YES;
				CLANG_WARN_ENUM_CONVERSION = YES;
				CLANG_WARN_INT_CONVERSION = YES;
				CLANG_WARN_OBJC_ROOT_CLASS = YES_ERROR;
				CLANG_WARN_UNREACHABLE_CODE = YES;
				CLANG_WARN__DUPLICATE_METHOD_MATCH = YES;
				"CODE_SIGN_IDENTITY[sdk=iphoneos*]" = "iPhone Developer";
				COPY_HEADERS_RUN_UNIFDEF = YES;
				COPY_PHASE_STRIP = NO;
				CURRENT_PROJECT_VERSION = 1;
				DEBUG_INFORMATION_FORMAT = "dwarf-with-dsym";
				DEFINES_MODULE = YES;
				ENABLE_NS_ASSERTIONS = NO;
				ENABLE_STRICT_OBJC_MSGSEND = YES;
				GCC_C_LANGUAGE_STANDARD = gnu99;
				GCC_NO_COMMON_BLOCKS = YES;
				GCC_WARN_64_TO_32_BIT_CONVERSION = YES;
				GCC_WARN_ABOUT_RETURN_TYPE = YES_ERROR;
				GCC_WARN_UNDECLARED_SELECTOR = YES;
				GCC_WARN_UNINITIALIZED_AUTOS = YES_AGGRESSIVE;
				GCC_WARN_UNUSED_FUNCTION = YES;
				GCC_WARN_UNUSED_VARIABLE = YES;
				IPHONEOS_DEPLOYMENT_TARGET = 9.3;
				MTL_ENABLE_DEBUG_INFO = NO;
				SDKROOT = iphoneos;
				TARGETED_DEVICE_FAMILY = "1,2";
				VALIDATE_PRODUCT = YES;
				VERSIONING_SYSTEM = "apple-generic";
				VERSION_INFO_PREFIX = "";
			};
			name = Release;
		};
		B2ADD3921CB04E0C00A4662E /* Debug */ = {
			isa = XCBuildConfiguration;
			buildSettings = {
				CLANG_ENABLE_MODULES = YES;
				DEFINES_MODULE = YES;
				DYLIB_COMPATIBILITY_VERSION = 1;
				DYLIB_CURRENT_VERSION = 1;
				DYLIB_INSTALL_NAME_BASE = "@rpath";
				FRAMEWORK_SEARCH_PATHS = "$(PROJECT_DIR)/Carthage/Build/iOS";
				INFOPLIST_FILE = APCAccessSDK/Info.plist;
				INSTALL_PATH = "$(LOCAL_LIBRARY_DIR)/Frameworks";
				IPHONEOS_DEPLOYMENT_TARGET = 8.0;
				LD_RUNPATH_SEARCH_PATHS = "$(inherited) @executable_path/Frameworks @loader_path/Frameworks";
				ONLY_ACTIVE_ARCH = NO;
				PRODUCT_BUNDLE_IDENTIFIER = com.bepid.APCAccessSDK;
				PRODUCT_NAME = "$(TARGET_NAME)";
				SKIP_INSTALL = YES;
				SWIFT_OPTIMIZATION_LEVEL = "-Onone";
			};
			name = Debug;
		};
		B2ADD3931CB04E0C00A4662E /* Release */ = {
			isa = XCBuildConfiguration;
			buildSettings = {
				CLANG_ENABLE_MODULES = YES;
				DEFINES_MODULE = YES;
				DYLIB_COMPATIBILITY_VERSION = 1;
				DYLIB_CURRENT_VERSION = 1;
				DYLIB_INSTALL_NAME_BASE = "@rpath";
				FRAMEWORK_SEARCH_PATHS = "$(PROJECT_DIR)/Carthage/Build/iOS";
				INFOPLIST_FILE = APCAccessSDK/Info.plist;
				INSTALL_PATH = "$(LOCAL_LIBRARY_DIR)/Frameworks";
				IPHONEOS_DEPLOYMENT_TARGET = 8.0;
				LD_RUNPATH_SEARCH_PATHS = "$(inherited) @executable_path/Frameworks @loader_path/Frameworks";
				PRODUCT_BUNDLE_IDENTIFIER = com.bepid.APCAccessSDK;
				PRODUCT_NAME = "$(TARGET_NAME)";
				SKIP_INSTALL = YES;
			};
			name = Release;
		};
/* End XCBuildConfiguration section */

/* Begin XCConfigurationList section */
		B2ADD3831CB04E0C00A4662E /* Build configuration list for PBXProject "APCAccessSDK" */ = {
			isa = XCConfigurationList;
			buildConfigurations = (
				B2ADD38F1CB04E0C00A4662E /* Debug */,
				B2ADD3901CB04E0C00A4662E /* Release */,
			);
			defaultConfigurationIsVisible = 0;
			defaultConfigurationName = Release;
		};
		B2ADD3911CB04E0C00A4662E /* Build configuration list for PBXNativeTarget "APCAccessSDK" */ = {
			isa = XCConfigurationList;
			buildConfigurations = (
				B2ADD3921CB04E0C00A4662E /* Debug */,
				B2ADD3931CB04E0C00A4662E /* Release */,
			);
			defaultConfigurationIsVisible = 0;
			defaultConfigurationName = Release;
		};
/* End XCConfigurationList section */
	};
	rootObject = B2ADD3801CB04E0C00A4662E /* Project object */;
}
